
Microsoft Visual Studio Solution File, Format Version 12.00
# Visual Studio Version 16
VisualStudioVersion = 16.0.30320.27
MinimumVisualStudioVersion = 10.0.40219.1
Project("{FAE04EC0-301F-11D3-BF4B-00C04F79EFBC}") = "IO.Playgound", "IO.Playgound\IO.Playgound.csproj", "{4EE91DE5-323A-4FEA-B49E-B7A423BF542D}"
EndProject
Global
	GlobalSection(SolutionConfigurationPlatforms) = preSolution
		Debug|Any CPU = Debug|Any CPU
		Release|Any CPU = Release|Any CPU
	EndGlobalSection
	GlobalSection(ProjectConfigurationPlatforms) = postSolution
		{4EE91DE5-323A-4FEA-B49E-B7A423BF542D}.Debug|Any CPU.ActiveCfg = Debug|Any CPU
		{4EE91DE5-323A-4FEA-B49E-B7A423BF542D}.Debug|Any CPU.Build.0 = Debug|Any CPU
		{4EE91DE5-323A-4FEA-B49E-B7A423BF542D}.Release|Any CPU.ActiveCfg = Release|Any CPU
		{4EE91DE5-323A-4FEA-B49E-B7A423BF542D}.Release|Any CPU.Build.0 = Release|Any CPU
	EndGlobalSection
	GlobalSection(SolutionProperties) = preSolution
		HideSolutionNode = FALSE
	EndGlobalSection
	GlobalSection(ExtensibilityGlobals) = postSolution
		SolutionGuid = {8A97BEE9-F997-466A-AD70-799666475EA9}
	EndGlobalSection
EndGlobal
